
Microsoft Visual Studio Solution File, Format Version 12.00
# Visual Studio Version 17
VisualStudioVersion = 17.8.34004.107
MinimumVisualStudioVersion = 10.0.40219.1
Project("{9A19103F-16F7-4668-BE54-9A1E7A4F7556}") = "FormulaOneFanHubProject.API", "FormulaOneFanHubProject.API\FormulaOneFanHubProject.API.csproj", "{08C6C179-D755-4629-BE31-D00C8AF2FA13}"
EndProject
Global
	GlobalSection(SolutionConfigurationPlatforms) = preSolution
		Debug|Any CPU = Debug|Any CPU
		Release|Any CPU = Release|Any CPU
	EndGlobalSection
	GlobalSection(ProjectConfigurationPlatforms) = postSolution
		{08C6C179-D755-4629-BE31-D00C8AF2FA13}.Debug|Any CPU.ActiveCfg = Debug|Any CPU
		{08C6C179-D755-4629-BE31-D00C8AF2FA13}.Debug|Any CPU.Build.0 = Debug|Any CPU
		{08C6C179-D755-4629-BE31-D00C8AF2FA13}.Release|Any CPU.ActiveCfg = Release|Any CPU
		{08C6C179-D755-4629-BE31-D00C8AF2FA13}.Release|Any CPU.Build.0 = Release|Any CPU
	EndGlobalSection
	GlobalSection(SolutionProperties) = preSolution
		HideSolutionNode = FALSE
	EndGlobalSection
	GlobalSection(ExtensibilityGlobals) = postSolution
		SolutionGuid = {AB9E56ED-1D5E-4339-BF3F-5F8BB27186D3}
	EndGlobalSection
EndGlobal
